
Microsoft Visual Studio Solution File, Format Version 12.00
# Visual Studio Version 17
VisualStudioVersion = 17.5.33424.131
MinimumVisualStudioVersion = 10.0.40219.1
Project("{FAE04EC0-301F-11D3-BF4B-00C04F79EFBC}") = "Week12", "Week12\Week12.csproj", "{B275EB32-93E5-4ABC-8E2D-CE6481B61C4A}"
EndProject
Global
	GlobalSection(SolutionConfigurationPlatforms) = preSolution
		Debug|Any CPU = Debug|Any CPU
		Release|Any CPU = Release|Any CPU
	EndGlobalSection
	GlobalSection(ProjectConfigurationPlatforms) = postSolution
		{B275EB32-93E5-4ABC-8E2D-CE6481B61C4A}.Debug|Any CPU.ActiveCfg = Debug|Any CPU
		{B275EB32-93E5-4ABC-8E2D-CE6481B61C4A}.Debug|Any CPU.Build.0 = Debug|Any CPU
		{B275EB32-93E5-4ABC-8E2D-CE6481B61C4A}.Release|Any CPU.ActiveCfg = Release|Any CPU
		{B275EB32-93E5-4ABC-8E2D-CE6481B61C4A}.Release|Any CPU.Build.0 = Release|Any CPU
	EndGlobalSection
	GlobalSection(SolutionProperties) = preSolution
		HideSolutionNode = FALSE
	EndGlobalSection
	GlobalSection(ExtensibilityGlobals) = postSolution
		SolutionGuid = {1BF8A6E3-8397-4B41-81EC-073C8AD265B7}
	EndGlobalSection
EndGlobal
